PODS:
  - AudioPlayer (0.0.1)
  - ZPBasicUtility (0.0.1)

DEPENDENCIES:
  - AudioPlayer (from `https://github.com/wenguang/AudioPlayer.git`)
  - ZPBasicUtility (from `https://github.com/wenguang/ZPBasicUtility.git`)

EXTERNAL SOURCES:
  AudioPlayer:
    :git: https://github.com/wenguang/AudioPlayer.git
  ZPBasicUtility:
    :git: https://github.com/wenguang/ZPBasicUtility.git

CHECKOUT OPTIONS:
  AudioPlayer:
    :commit: 3feab667fc1ec2234f616d71b59999b76ecdec30
    :git: https://github.com/wenguang/AudioPlayer.git
  ZPBasicUtility:
    :commit: 37eb36966b85d30591248b31aff633a8d4d401a3
    :git: https://github.com/wenguang/ZPBasicUtility.git

SPEC CHECKSUMS:
  AudioPlayer: 1ff7b342dac0d1538b83483950cf051acc2c2d6f
  ZPBasicUtility: a07a0c177d194dd2044bd2672ef2af4148e0360b

COCOAPODS: 0.39.0
